
Microsoft Visual Studio Solution File, Format Version 12.00
# Visual Studio Version 16
VisualStudioVersion = 16.0.29009.5
MinimumVisualStudioVersion = 10.0.40219.1
Project("{FAE04EC0-301F-11D3-BF4B-00C04F79EFBC}") = "Strategy_DuckBase", "Strategy_DuckBase.csproj", "{180FD883-C351-43DC-92D5-6B6803DF8EE6}"
EndProject
Global
	GlobalSection(SolutionConfigurationPlatforms) = preSolution
		Debug|Any CPU = Debug|Any CPU
		Release|Any CPU = Release|Any CPU
	EndGlobalSection
	GlobalSection(ProjectConfigurationPlatforms) = postSolution
		{180FD883-C351-43DC-92D5-6B6803DF8EE6}.Debug|Any CPU.ActiveCfg = Debug|Any CPU
		{180FD883-C351-43DC-92D5-6B6803DF8EE6}.Debug|Any CPU.Build.0 = Debug|Any CPU
		{180FD883-C351-43DC-92D5-6B6803DF8EE6}.Release|Any CPU.ActiveCfg = Release|Any CPU
		{180FD883-C351-43DC-92D5-6B6803DF8EE6}.Release|Any CPU.Build.0 = Release|Any CPU
	EndGlobalSection
	GlobalSection(SolutionProperties) = preSolution
		HideSolutionNode = FALSE
	EndGlobalSection
	GlobalSection(ExtensibilityGlobals) = postSolution
		SolutionGuid = {2FA88951-C27A-454D-BC4A-59B4FADD2CC8}
	EndGlobalSection
EndGlobal
